
Microsoft Visual Studio Solution File, Format Version 12.00
Project("{2150E333-8FDC-42A3-9474-1A3956D46DE8}") = "Task1", "Task1", "{8E0E2D80-2245-4AC3-A03E-A3F7B90ABD84}"
	ProjectSection(SolutionItems) = preProject
		Task1\README.md = Task1\README.md
		Task1\db_example.png = Task1\db_example.png
	EndProjectSection
EndProject
Project("{FAE04EC0-301F-11D3-BF4B-00C04F79EFBC}") = "Task1.DAL", "Task1\Task1.DAL\Task1.DAL.csproj", "{214CB61D-7943-4E12-8DA0-F284B7B2D1CE}"
EndProject
Project("{FAE04EC0-301F-11D3-BF4B-00C04F79EFBC}") = "Task1.BL", "Task1\Task1.BL\Task1.BL.csproj", "{EF554E2D-96B0-4122-A19E-522DB98FD4C7}"
EndProject
Project("{FAE04EC0-301F-11D3-BF4B-00C04F79EFBC}") = "Task1.WEB", "Task1\Task1.WEB\Task1.WEB.csproj", "{6D808BC1-F9BC-4A25-999C-70C4B2325259}"
EndProject
Project("{2150E333-8FDC-42A3-9474-1A3956D46DE8}") = "Task2", "Task2", "{A55507EB-38DB-4A6C-B3EF-504DBCF8E62B}"
	ProjectSection(SolutionItems) = preProject
		Task2\README.md = Task2\README.md
	EndProjectSection
EndProject
Project("{2150E333-8FDC-42A3-9474-1A3956D46DE8}") = "Task2.SQL", "Task2.SQL", "{61C26E6B-0EFC-4C58-BF4E-BA7D96CC7B11}"
	ProjectSection(SolutionItems) = preProject
		Task2\Task2.SQL\Task2.SQL.sql = Task2\Task2.SQL\Task2.SQL.sql
	EndProjectSection
EndProject
Project("{FAE04EC0-301F-11D3-BF4B-00C04F79EFBC}") = "Task2.Console", "Task2\Task2.Console\Task2.Console.csproj", "{CADFF15A-CB4A-496C-8E91-61495AA5BA05}"
EndProject
Project("{2150E333-8FDC-42A3-9474-1A3956D46DE8}") = "Task3", "Task3", "{E76258A8-8041-4E8E-A0E3-9D4302F35C71}"
	ProjectSection(SolutionItems) = preProject
		Task3\README.md = Task3\README.md
	EndProjectSection
EndProject
Project("{2150E333-8FDC-42A3-9474-1A3956D46DE8}") = "Task3.SQL", "Task3.SQL", "{C55B65BD-39A2-48EE-9182-1532DCC84C57}"
	ProjectSection(SolutionItems) = preProject
		Task3\Task3.SQL\Task.sql = Task3\Task3.SQL\Task.sql
		Task3\Task3.SQL\example.xml = Task3\Task3.SQL\example.xml
		Task3\Task3.SQL\example2.xml = Task3\Task3.SQL\example2.xml
	EndProjectSection
EndProject
Project("{FAE04EC0-301F-11D3-BF4B-00C04F79EFBC}") = "Task3.Console", "Task3\Task3.Console\Task3.Console.csproj", "{FE5B8BC1-1801-49EB-B5A4-A3D44D8196DF}"
EndProject
Global
	GlobalSection(SolutionConfigurationPlatforms) = preSolution
		Debug|Any CPU = Debug|Any CPU
		Release|Any CPU = Release|Any CPU
	EndGlobalSection
	GlobalSection(ProjectConfigurationPlatforms) = postSolution
		{214CB61D-7943-4E12-8DA0-F284B7B2D1CE}.Debug|Any CPU.ActiveCfg = Debug|Any CPU
		{214CB61D-7943-4E12-8DA0-F284B7B2D1CE}.Debug|Any CPU.Build.0 = Debug|Any CPU
		{214CB61D-7943-4E12-8DA0-F284B7B2D1CE}.Release|Any CPU.ActiveCfg = Release|Any CPU
		{214CB61D-7943-4E12-8DA0-F284B7B2D1CE}.Release|Any CPU.Build.0 = Release|Any CPU
		{EF554E2D-96B0-4122-A19E-522DB98FD4C7}.Debug|Any CPU.ActiveCfg = Debug|Any CPU
		{EF554E2D-96B0-4122-A19E-522DB98FD4C7}.Debug|Any CPU.Build.0 = Debug|Any CPU
		{EF554E2D-96B0-4122-A19E-522DB98FD4C7}.Release|Any CPU.ActiveCfg = Release|Any CPU
		{EF554E2D-96B0-4122-A19E-522DB98FD4C7}.Release|Any CPU.Build.0 = Release|Any CPU
		{6D808BC1-F9BC-4A25-999C-70C4B2325259}.Debug|Any CPU.ActiveCfg = Debug|Any CPU
		{6D808BC1-F9BC-4A25-999C-70C4B2325259}.Debug|Any CPU.Build.0 = Debug|Any CPU
		{6D808BC1-F9BC-4A25-999C-70C4B2325259}.Release|Any CPU.ActiveCfg = Release|Any CPU
		{6D808BC1-F9BC-4A25-999C-70C4B2325259}.Release|Any CPU.Build.0 = Release|Any CPU
		{CADFF15A-CB4A-496C-8E91-61495AA5BA05}.Debug|Any CPU.ActiveCfg = Debug|Any CPU
		{CADFF15A-CB4A-496C-8E91-61495AA5BA05}.Debug|Any CPU.Build.0 = Debug|Any CPU
		{CADFF15A-CB4A-496C-8E91-61495AA5BA05}.Release|Any CPU.ActiveCfg = Release|Any CPU
		{CADFF15A-CB4A-496C-8E91-61495AA5BA05}.Release|Any CPU.Build.0 = Release|Any CPU
		{FE5B8BC1-1801-49EB-B5A4-A3D44D8196DF}.Debug|Any CPU.ActiveCfg = Debug|Any CPU
		{FE5B8BC1-1801-49EB-B5A4-A3D44D8196DF}.Debug|Any CPU.Build.0 = Debug|Any CPU
		{FE5B8BC1-1801-49EB-B5A4-A3D44D8196DF}.Release|Any CPU.ActiveCfg = Release|Any CPU
		{FE5B8BC1-1801-49EB-B5A4-A3D44D8196DF}.Release|Any CPU.Build.0 = Release|Any CPU
	EndGlobalSection
	GlobalSection(NestedProjects) = preSolution
		{214CB61D-7943-4E12-8DA0-F284B7B2D1CE} = {8E0E2D80-2245-4AC3-A03E-A3F7B90ABD84}
		{EF554E2D-96B0-4122-A19E-522DB98FD4C7} = {8E0E2D80-2245-4AC3-A03E-A3F7B90ABD84}
		{6D808BC1-F9BC-4A25-999C-70C4B2325259} = {8E0E2D80-2245-4AC3-A03E-A3F7B90ABD84}
		{61C26E6B-0EFC-4C58-BF4E-BA7D96CC7B11} = {A55507EB-38DB-4A6C-B3EF-504DBCF8E62B}
		{CADFF15A-CB4A-496C-8E91-61495AA5BA05} = {A55507EB-38DB-4A6C-B3EF-504DBCF8E62B}
		{C55B65BD-39A2-48EE-9182-1532DCC84C57} = {E76258A8-8041-4E8E-A0E3-9D4302F35C71}
		{FE5B8BC1-1801-49EB-B5A4-A3D44D8196DF} = {E76258A8-8041-4E8E-A0E3-9D4302F35C71}
	EndGlobalSection
EndGlobal
